{
  "lockfile_version": "1",
  "packages": {
    "github:NixOS/nixpkgs/nixpkgs-unstable": {
      "last_modified": "2025-05-25T15:24:27Z",
      "resolved": "github:NixOS/nixpkgs/bdac72d387dca7f836f6ef1fe547755fb0e9df61?lastModified=1748186667&narHash=sha256-UQubDNIQ%2FZ42R8tPCIpY%2BBOhlxO8t8ZojwC9o2FW3c8%3D"
    },
    "mkcert@latest": {
      "last_modified": "2025-09-18T16:33:27Z",
      "resolved": "github:NixOS/nixpkgs/f4b140d5b253f5e2a1ff4e5506edbf8267724bde#mkcert",
      "source": "devbox-search",
      "version": "1.4.4",
      "systems": {
        "aarch64-darwin": {
          "outputs": [
            {
              "name": "out",
              "path": "/nix/store/a8v2rgpbcnxzp8ylq4fzns8qz8q4vz9q-mkcert-1.4.4",
              "default": true
            }
          ],
          "store_path": "/nix/store/a8v2rgpbcnxzp8ylq4fzns8qz8q4vz9q-mkcert-1.4.4"
        },
        "aarch64-linux": {
          "outputs": [
            {
              "name": "out",
              "path": "/nix/store/88am02l2zs7n2b4p1xr6ia1r6h85vdpd-mkcert-1.4.4",
              "default": true
            }
          ],
          "store_path": "/nix/store/88am02l2zs7n2b4p1xr6ia1r6h85vdpd-mkcert-1.4.4"
        },
        "x86_64-darwin": {
          "outputs": [
            {
              "name": "out",
              "path": "/nix/store/9y4li69l9l29fbzd4nyfibxs65qw3zm4-mkcert-1.4.4",
              "default": true
            }
          ],
          "store_path": "/nix/store/9y4li69l9l29fbzd4nyfibxs65qw3zm4-mkcert-1.4.4"
        },
        "x86_64-linux": {
          "outputs": [
            {
              "name": "out",
              "path": "/nix/store/dwa0iqyz6h9xxx00fhsqy6i2pjvy09bv-mkcert-1.4.4",
              "default": true
            }
          ],
          "store_path": "/nix/store/dwa0iqyz6h9xxx00fhsqy6i2pjvy09bv-mkcert-1.4.4"
        }
      }
    },
    "nodejs@latest": {
      "last_modified": "2025-05-22T03:53:02Z",
      "plugin_version": "0.0.2",
      "resolved": "github:NixOS/nixpkgs/a16efe5d2fc7455d7328a01f4692bfec152965b3#nodejs_24",
      "source": "devbox-search",
      "version": "24.1.0",
      "systems": {
        "aarch64-darwin": {
          "outputs": [
            {
              "name": "out",
              "path": "/nix/store/2q5an9rpdq4vhc5ag04ajxnzxxqsqchq-nodejs-24.1.0",
              "default": true
            },
            {
              "name": "dev",
              "path": "/nix/store/hb25vqffnqd3hl7glmm1y4n54bmpfppr-nodejs-24.1.0-dev"
            },
            {
              "name": "libv8",
              "path": "/nix/store/jw04y4lzw7x0v2yh437s3l6cri5l50vv-nodejs-24.1.0-libv8"
            }
          ],
          "store_path": "/nix/store/2q5an9rpdq4vhc5ag04ajxnzxxqsqchq-nodejs-24.1.0"
        },
        "aarch64-linux": {
          "outputs": [
            {
              "name": "out",
              "path": "/nix/store/1ypnf27d1amna71zl7jgjpli4r2xqzx9-nodejs-24.1.0",
              "default": true
            },
            {
              "name": "dev",
              "path": "/nix/store/3alphvmg91jin165pj9q5zfk7j40azbg-nodejs-24.1.0-dev"
            },
            {
              "name": "libv8",
              "path": "/nix/store/z1cbkwmgw0f94rhvc40v3k8z1rg9zkzf-nodejs-24.1.0-libv8"
            }
          ],
          "store_path": "/nix/store/1ypnf27d1amna71zl7jgjpli4r2xqzx9-nodejs-24.1.0"
        },
        "x86_64-darwin": {
          "outputs": [
            {
              "name": "out",
              "path": "/nix/store/plga9910l27vbg30ajmdsmccyj2a3pxm-nodejs-24.1.0",
              "default": true
            },
            {
              "name": "libv8",
              "path": "/nix/store/d6cq633qq8jr8liaip97fjwpv9r15ivb-nodejs-24.1.0-libv8"
            },
            {
              "name": "dev",
              "path": "/nix/store/4b8xp5vrd08ca1im5b607x1wwvy4njjx-nodejs-24.1.0-dev"
            }
          ],
          "store_path": "/nix/store/plga9910l27vbg30ajmdsmccyj2a3pxm-nodejs-24.1.0"
        },
        "x86_64-linux": {
          "outputs": [
            {
              "name": "out",
              "path": "/nix/store/wnayblhh0555nwfccnzcqkzph52y4yby-nodejs-24.1.0",
              "default": true
            },
            {
              "name": "dev",
              "path": "/nix/store/8ydr7k53w188y9fhskl7ahl8ibchx7w8-nodejs-24.1.0-dev"
            },
            {
              "name": "libv8",
              "path": "/nix/store/4paqvzbw7jjzvn64liv5wwzc7fdsr7k7-nodejs-24.1.0-libv8"
            }
          ],
          "store_path": "/nix/store/wnayblhh0555nwfccnzcqkzph52y4yby-nodejs-24.1.0"
        }
      }
    }
  }
}
